
Microsoft Visual Studio Solution File, Format Version 12.00
# Visual Studio Version 18
VisualStudioVersion = 18.10.12106.202
MinimumVisualStudioVersion = 10.0.40219.1
Project("{9A19103F-16F7-4668-BE54-9A1E7A4F7556}") = "Skymu", "Skymu\Skymu.csproj", "{29B19002-44DC-4AB8-9BD7-135FC9D418A4}"
EndProject
Project("{9A19103F-16F7-4668-BE54-9A1E7A4F7556}") = "Yggdrasil", "Yggdrasil\Yggdrasil.csproj", "{35391F57-6DA9-4E45-BC63-34EE7D0C9D63}"
EndProject
Project("{9A19103F-16F7-4668-BE54-9A1E7A4F7556}") = "Discord", "Plugins\Discord\Discord.csproj", "{F5495418-88EB-4C33-BFBB-DA0B43AE6A83}"
EndProject
Project("{2150E333-8FDC-42A3-9474-1A3956D46DE8}") = "Plugins", "Plugins", "{E41413D5-8999-415D-A41D-B821197D0DE1}"
EndProject
Project("{9A19103F-16F7-4668-BE54-9A1E7A4F7556}") = "Matrix", "Plugins\Matrix\Matrix.csproj", "{7E37DC5E-385B-44B9-81E8-8F856F2A40EA}"
EndProject
Project("{9A19103F-16F7-4668-BE54-9A1E7A4F7556}") = "Stub", "Plugins\Stub\Stub.csproj", "{A3162020-D14E-4C12-9C1C-F1ED89C98023}"
EndProject
Project("{9A19103F-16F7-4668-BE54-9A1E7A4F7556}") = "Tox", "Plugins\Tox\Tox.csproj", "{DDE64A87-29EC-1573-F99C-3DB9CC076F43}"
EndProject
Project("{9A19103F-16F7-4668-BE54-9A1E7A4F7556}") = "Skymu.Tests", "Skymu.Tests\Skymu.Tests.csproj", "{398D891C-469A-4138-A415-3C2CF984BE14}"
EndProject
Project("{9A19103F-16F7-4668-BE54-9A1E7A4F7556}") = "Chat Completions", "Plugins\Chat Completions\Chat Completions.csproj", "{C1B671B4-AEC6-49B3-BA37-10C1B0D9E605}"
EndProject
Project("{FAE04EC0-301F-11D3-BF4B-00C04F79EFBC}") = "NSkype", "..\..\NSkype-plugin\NSkype\NSkype.csproj", "{0BBD093A-9CA1-3A76-D8B1-722E69F7CBE0}"
EndProject
Project("{FAE04EC0-301F-11D3-BF4B-00C04F79EFBC}") = "NSkype", "Plugins\NSkype\NSkype.csproj", "{69896853-7FA1-5BE0-CFED-6BAB69E2C5F2}"
EndProject
Global
	GlobalSection(SolutionConfigurationPlatforms) = preSolution
		Debug|Any CPU = Debug|Any CPU
		Debug|arm64 = Debug|arm64
		Debug|x64 = Debug|x64
		Debug|x86 = Debug|x86
		Release|Any CPU = Release|Any CPU
		Release|arm64 = Release|arm64
		Release|x64 = Release|x64
		Release|x86 = Release|x86
	EndGlobalSection
	GlobalSection(ProjectConfigurationPlatforms) = postSolution
		{29B19002-44DC-4AB8-9BD7-135FC9D418A4}.Debug|Any CPU.ActiveCfg = Debug|Any CPU
		{29B19002-44DC-4AB8-9BD7-135FC9D418A4}.Debug|Any CPU.Build.0 = Debug|Any CPU
		{29B19002-44DC-4AB8-9BD7-135FC9D418A4}.Debug|arm64.ActiveCfg = Debug|Any CPU
		{29B19002-44DC-4AB8-9BD7-135FC9D418A4}.Debug|arm64.Build.0 = Debug|Any CPU
		{29B19002-44DC-4AB8-9BD7-135FC9D418A4}.Debug|x64.ActiveCfg = Debug|Any CPU
		{29B19002-44DC-4AB8-9BD7-135FC9D418A4}.Debug|x64.Build.0 = Debug|Any CPU
		{29B19002-44DC-4AB8-9BD7-135FC9D418A4}.Debug|x86.ActiveCfg = Debug|Any CPU
		{29B19002-44DC-4AB8-9BD7-135FC9D418A4}.Debug|x86.Build.0 = Debug|Any CPU
		{29B19002-44DC-4AB8-9BD7-135FC9D418A4}.Release|Any CPU.ActiveCfg = Release|Any CPU
		{29B19002-44DC-4AB8-9BD7-135FC9D418A4}.Release|Any CPU.Build.0 = Release|Any CPU
		{29B19002-44DC-4AB8-9BD7-135FC9D418A4}.Release|arm64.ActiveCfg = Release|Any CPU
		{29B19002-44DC-4AB8-9BD7-135FC9D418A4}.Release|arm64.Build.0 = Release|Any CPU
		{29B19002-44DC-4AB8-9BD7-135FC9D418A4}.Release|x64.ActiveCfg = Release|Any CPU
		{29B19002-44DC-4AB8-9BD7-135FC9D418A4}.Release|x64.Build.0 = Release|Any CPU
		{29B19002-44DC-4AB8-9BD7-135FC9D418A4}.Release|x86.ActiveCfg = Release|Any CPU
		{29B19002-44DC-4AB8-9BD7-135FC9D418A4}.Release|x86.Build.0 = Release|Any CPU
		{35391F57-6DA9-4E45-BC63-34EE7D0C9D63}.Debug|Any CPU.ActiveCfg = Debug|Any CPU
		{35391F57-6DA9-4E45-BC63-34EE7D0C9D63}.Debug|Any CPU.Build.0 = Debug|Any CPU
		{35391F57-6DA9-4E45-BC63-34EE7D0C9D63}.Debug|arm64.ActiveCfg = Debug|Any CPU
		{35391F57-6DA9-4E45-BC63-34EE7D0C9D63}.Debug|arm64.Build.0 = Debug|Any CPU
		{35391F57-6DA9-4E45-BC63-34EE7D0C9D63}.Debug|x64.ActiveCfg = Debug|Any CPU
		{35391F57-6DA9-4E45-BC63-34EE7D0C9D63}.Debug|x64.Build.0 = Debug|Any CPU
		{35391F57-6DA9-4E45-BC63-34EE7D0C9D63}.Debug|x86.ActiveCfg = Debug|Any CPU
		{35391F57-6DA9-4E45-BC63-34EE7D0C9D63}.Debug|x86.Build.0 = Debug|Any CPU
		{35391F57-6DA9-4E45-BC63-34EE7D0C9D63}.Release|Any CPU.ActiveCfg = Release|Any CPU
		{35391F57-6DA9-4E45-BC63-34EE7D0C9D63}.Release|Any CPU.Build.0 = Release|Any CPU
		{35391F57-6DA9-4E45-BC63-34EE7D0C9D63}.Release|arm64.ActiveCfg = Release|Any CPU
		{35391F57-6DA9-4E45-BC63-34EE7D0C9D63}.Release|arm64.Build.0 = Release|Any CPU
		{35391F57-6DA9-4E45-BC63-34EE7D0C9D63}.Release|x64.ActiveCfg = Release|Any CPU
		{35391F57-6DA9-4E45-BC63-34EE7D0C9D63}.Release|x64.Build.0 = Release|Any CPU
		{35391F57-6DA9-4E45-BC63-34EE7D0C9D63}.Release|x86.ActiveCfg = Release|Any CPU
		{35391F57-6DA9-4E45-BC63-34EE7D0C9D63}.Release|x86.Build.0 = Release|Any CPU
		{F5495418-88EB-4C33-BFBB-DA0B43AE6A83}.Debug|Any CPU.ActiveCfg = Debug|Any CPU
		{F5495418-88EB-4C33-BFBB-DA0B43AE6A83}.Debug|Any CPU.Build.0 = Debug|Any CPU
		{F5495418-88EB-4C33-BFBB-DA0B43AE6A83}.Debug|arm64.ActiveCfg = Debug|Any CPU
		{F5495418-88EB-4C33-BFBB-DA0B43AE6A83}.Debug|arm64.Build.0 = Debug|Any CPU
		{F5495418-88EB-4C33-BFBB-DA0B43AE6A83}.Debug|x64.ActiveCfg = Debug|Any CPU
		{F5495418-88EB-4C33-BFBB-DA0B43AE6A83}.Debug|x64.Build.0 = Debug|Any CPU
		{F5495418-88EB-4C33-BFBB-DA0B43AE6A83}.Debug|x86.ActiveCfg = Debug|Any CPU
		{F5495418-88EB-4C33-BFBB-DA0B43AE6A83}.Debug|x86.Build.0 = Debug|Any CPU
		{F5495418-88EB-4C33-BFBB-DA0B43AE6A83}.Release|Any CPU.ActiveCfg = Release|Any CPU
		{F5495418-88EB-4C33-BFBB-DA0B43AE6A83}.Release|Any CPU.Build.0 = Release|Any CPU
		{F5495418-88EB-4C33-BFBB-DA0B43AE6A83}.Release|arm64.ActiveCfg = Release|Any CPU
		{F5495418-88EB-4C33-BFBB-DA0B43AE6A83}.Release|arm64.Build.0 = Release|Any CPU
		{F5495418-88EB-4C33-BFBB-DA0B43AE6A83}.Release|x64.ActiveCfg = Release|Any CPU
		{F5495418-88EB-4C33-BFBB-DA0B43AE6A83}.Release|x64.Build.0 = Release|Any CPU
		{F5495418-88EB-4C33-BFBB-DA0B43AE6A83}.Release|x86.ActiveCfg = Release|Any CPU
		{F5495418-88EB-4C33-BFBB-DA0B43AE6A83}.Release|x86.Build.0 = Release|Any CPU
		{7E37DC5E-385B-44B9-81E8-8F856F2A40EA}.Debug|Any CPU.ActiveCfg = Debug|Any CPU
		{7E37DC5E-385B-44B9-81E8-8F856F2A40EA}.Debug|Any CPU.Build.0 = Debug|Any CPU
		{7E37DC5E-385B-44B9-81E8-8F856F2A40EA}.Debug|arm64.ActiveCfg = Debug|Any CPU
		{7E37DC5E-385B-44B9-81E8-8F856F2A40EA}.Debug|arm64.Build.0 = Debug|Any CPU
		{7E37DC5E-385B-44B9-81E8-8F856F2A40EA}.Debug|x64.ActiveCfg = Debug|Any CPU
		{7E37DC5E-385B-44B9-81E8-8F856F2A40EA}.Debug|x64.Build.0 = Debug|Any CPU
		{7E37DC5E-385B-44B9-81E8-8F856F2A40EA}.Debug|x86.ActiveCfg = Debug|Any CPU
		{7E37DC5E-385B-44B9-81E8-8F856F2A40EA}.Debug|x86.Build.0 = Debug|Any CPU
		{7E37DC5E-385B-44B9-81E8-8F856F2A40EA}.Release|Any CPU.ActiveCfg = Release|Any CPU
		{7E37DC5E-385B-44B9-81E8-8F856F2A40EA}.Release|Any CPU.Build.0 = Release|Any CPU
		{7E37DC5E-385B-44B9-81E8-8F856F2A40EA}.Release|arm64.ActiveCfg = Release|Any CPU
		{7E37DC5E-385B-44B9-81E8-8F856F2A40EA}.Release|arm64.Build.0 = Release|Any CPU
		{7E37DC5E-385B-44B9-81E8-8F856F2A40EA}.Release|x64.ActiveCfg = Release|Any CPU
		{7E37DC5E-385B-44B9-81E8-8F856F2A40EA}.Release|x64.Build.0 = Release|Any CPU
		{7E37DC5E-385B-44B9-81E8-8F856F2A40EA}.Release|x86.ActiveCfg = Release|Any CPU
		{7E37DC5E-385B-44B9-81E8-8F856F2A40EA}.Release|x86.Build.0 = Release|Any CPU
		{A3162020-D14E-4C12-9C1C-F1ED89C98023}.Debug|Any CPU.ActiveCfg = Debug|Any CPU
		{A3162020-D14E-4C12-9C1C-F1ED89C98023}.Debug|Any CPU.Build.0 = Debug|Any CPU
		{A3162020-D14E-4C12-9C1C-F1ED89C98023}.Debug|arm64.ActiveCfg = Debug|Any CPU
		{A3162020-D14E-4C12-9C1C-F1ED89C98023}.Debug|arm64.Build.0 = Debug|Any CPU
		{A3162020-D14E-4C12-9C1C-F1ED89C98023}.Debug|x64.ActiveCfg = Debug|Any CPU
		{A3162020-D14E-4C12-9C1C-F1ED89C98023}.Debug|x64.Build.0 = Debug|Any CPU
		{A3162020-D14E-4C12-9C1C-F1ED89C98023}.Debug|x86.ActiveCfg = Debug|Any CPU
		{A3162020-D14E-4C12-9C1C-F1ED89C98023}.Debug|x86.Build.0 = Debug|Any CPU
		{A3162020-D14E-4C12-9C1C-F1ED89C98023}.Release|Any CPU.ActiveCfg = Release|Any CPU
		{A3162020-D14E-4C12-9C1C-F1ED89C98023}.Release|Any CPU.Build.0 = Release|Any CPU
		{A3162020-D14E-4C12-9C1C-F1ED89C98023}.Release|arm64.ActiveCfg = Release|Any CPU
		{A3162020-D14E-4C12-9C1C-F1ED89C98023}.Release|arm64.Build.0 = Release|Any CPU
		{A3162020-D14E-4C12-9C1C-F1ED89C98023}.Release|x64.ActiveCfg = Release|Any CPU
		{A3162020-D14E-4C12-9C1C-F1ED89C98023}.Release|x64.Build.0 = Release|Any CPU
		{A3162020-D14E-4C12-9C1C-F1ED89C98023}.Release|x86.ActiveCfg = Release|Any CPU
		{A3162020-D14E-4C12-9C1C-F1ED89C98023}.Release|x86.Build.0 = Release|Any CPU
		{DDE64A87-29EC-1573-F99C-3DB9CC076F43}.Debug|Any CPU.ActiveCfg = Debug|Any CPU
		{DDE64A87-29EC-1573-F99C-3DB9CC076F43}.Debug|Any CPU.Build.0 = Debug|Any CPU
		{DDE64A87-29EC-1573-F99C-3DB9CC076F43}.Debug|arm64.ActiveCfg = Debug|Any CPU
		{DDE64A87-29EC-1573-F99C-3DB9CC076F43}.Debug|arm64.Build.0 = Debug|Any CPU
		{DDE64A87-29EC-1573-F99C-3DB9CC076F43}.Debug|x64.ActiveCfg = Debug|Any CPU
		{DDE64A87-29EC-1573-F99C-3DB9CC076F43}.Debug|x64.Build.0 = Debug|Any CPU
		{DDE64A87-29EC-1573-F99C-3DB9CC076F43}.Debug|x86.ActiveCfg = Debug|Any CPU
		{DDE64A87-29EC-1573-F99C-3DB9CC076F43}.Debug|x86.Build.0 = Debug|Any CPU
		{DDE64A87-29EC-1573-F99C-3DB9CC076F43}.Release|Any CPU.ActiveCfg = Release|Any CPU
		{DDE64A87-29EC-1573-F99C-3DB9CC076F43}.Release|Any CPU.Build.0 = Release|Any CPU
		{DDE64A87-29EC-1573-F99C-3DB9CC076F43}.Release|arm64.ActiveCfg = Release|Any CPU
		{DDE64A87-29EC-1573-F99C-3DB9CC076F43}.Release|arm64.Build.0 = Release|Any CPU
		{DDE64A87-29EC-1573-F99C-3DB9CC076F43}.Release|x64.ActiveCfg = Release|Any CPU
		{DDE64A87-29EC-1573-F99C-3DB9CC076F43}.Release|x64.Build.0 = Release|Any CPU
		{DDE64A87-29EC-1573-F99C-3DB9CC076F43}.Release|x86.ActiveCfg = Release|Any CPU
		{DDE64A87-29EC-1573-F99C-3DB9CC076F43}.Release|x86.Build.0 = Release|Any CPU
		{398D891C-469A-4138-A415-3C2CF984BE14}.Debug|Any CPU.ActiveCfg = Debug|Any CPU
		{398D891C-469A-4138-A415-3C2CF984BE14}.Debug|Any CPU.Build.0 = Debug|Any CPU
		{398D891C-469A-4138-A415-3C2CF984BE14}.Debug|arm64.ActiveCfg = Debug|Any CPU
		{398D891C-469A-4138-A415-3C2CF984BE14}.Debug|arm64.Build.0 = Debug|Any CPU
		{398D891C-469A-4138-A415-3C2CF984BE14}.Debug|x64.ActiveCfg = Debug|Any CPU
		{398D891C-469A-4138-A415-3C2CF984BE14}.Debug|x64.Build.0 = Debug|Any CPU
		{398D891C-469A-4138-A415-3C2CF984BE14}.Debug|x86.ActiveCfg = Debug|Any CPU
		{398D891C-469A-4138-A415-3C2CF984BE14}.Debug|x86.Build.0 = Debug|Any CPU
		{398D891C-469A-4138-A415-3C2CF984BE14}.Release|Any CPU.ActiveCfg = Release|Any CPU
		{398D891C-469A-4138-A415-3C2CF984BE14}.Release|Any CPU.Build.0 = Release|Any CPU
		{398D891C-469A-4138-A415-3C2CF984BE14}.Release|arm64.ActiveCfg = Release|Any CPU
		{398D891C-469A-4138-A415-3C2CF984BE14}.Release|arm64.Build.0 = Release|Any CPU
		{398D891C-469A-4138-A415-3C2CF984BE14}.Release|x64.ActiveCfg = Release|Any CPU
		{398D891C-469A-4138-A415-3C2CF984BE14}.Release|x64.Build.0 = Release|Any CPU
		{398D891C-469A-4138-A415-3C2CF984BE14}.Release|x86.ActiveCfg = Release|Any CPU
		{398D891C-469A-4138-A415-3C2CF984BE14}.Release|x86.Build.0 = Release|Any CPU
		{C1B671B4-AEC6-49B3-BA37-10C1B0D9E605}.Debug|Any CPU.ActiveCfg = Debug|Any CPU
		{C1B671B4-AEC6-49B3-BA37-10C1B0D9E605}.Debug|Any CPU.Build.0 = Debug|Any CPU
		{C1B671B4-AEC6-49B3-BA37-10C1B0D9E605}.Debug|arm64.ActiveCfg = Debug|Any CPU
		{C1B671B4-AEC6-49B3-BA37-10C1B0D9E605}.Debug|arm64.Build.0 = Debug|Any CPU
		{C1B671B4-AEC6-49B3-BA37-10C1B0D9E605}.Debug|x64.ActiveCfg = Debug|Any CPU
		{C1B671B4-AEC6-49B3-BA37-10C1B0D9E605}.Debug|x64.Build.0 = Debug|Any CPU
		{C1B671B4-AEC6-49B3-BA37-10C1B0D9E605}.Debug|x86.ActiveCfg = Debug|Any CPU
		{C1B671B4-AEC6-49B3-BA37-10C1B0D9E605}.Debug|x86.Build.0 = Debug|Any CPU
		{C1B671B4-AEC6-49B3-BA37-10C1B0D9E605}.Release|Any CPU.ActiveCfg = Release|Any CPU
		{C1B671B4-AEC6-49B3-BA37-10C1B0D9E605}.Release|Any CPU.Build.0 = Release|Any CPU
		{C1B671B4-AEC6-49B3-BA37-10C1B0D9E605}.Release|arm64.ActiveCfg = Release|Any CPU
		{C1B671B4-AEC6-49B3-BA37-10C1B0D9E605}.Release|arm64.Build.0 = Release|Any CPU
		{C1B671B4-AEC6-49B3-BA37-10C1B0D9E605}.Release|x64.ActiveCfg = Release|Any CPU
		{C1B671B4-AEC6-49B3-BA37-10C1B0D9E605}.Release|x64.Build.0 = Release|Any CPU
		{C1B671B4-AEC6-49B3-BA37-10C1B0D9E605}.Release|x86.ActiveCfg = Release|Any CPU
		{C1B671B4-AEC6-49B3-BA37-10C1B0D9E605}.Release|x86.Build.0 = Release|Any CPU
		{0BBD093A-9CA1-3A76-D8B1-722E69F7CBE0}.Debug|Any CPU.ActiveCfg = Debug|Any CPU
		{0BBD093A-9CA1-3A76-D8B1-722E69F7CBE0}.Debug|Any CPU.Build.0 = Debug|Any CPU
		{0BBD093A-9CA1-3A76-D8B1-722E69F7CBE0}.Debug|arm64.ActiveCfg = Debug|Any CPU
		{0BBD093A-9CA1-3A76-D8B1-722E69F7CBE0}.Debug|arm64.Build.0 = Debug|Any CPU
		{0BBD093A-9CA1-3A76-D8B1-722E69F7CBE0}.Debug|x64.ActiveCfg = Debug|Any CPU
		{0BBD093A-9CA1-3A76-D8B1-722E69F7CBE0}.Debug|x64.Build.0 = Debug|Any CPU
		{0BBD093A-9CA1-3A76-D8B1-722E69F7CBE0}.Debug|x86.ActiveCfg = Debug|Any CPU
		{0BBD093A-9CA1-3A76-D8B1-722E69F7CBE0}.Debug|x86.Build.0 = Debug|Any CPU
		{0BBD093A-9CA1-3A76-D8B1-722E69F7CBE0}.Release|Any CPU.ActiveCfg = Release|Any CPU
		{0BBD093A-9CA1-3A76-D8B1-722E69F7CBE0}.Release|Any CPU.Build.0 = Release|Any CPU
		{0BBD093A-9CA1-3A76-D8B1-722E69F7CBE0}.Release|arm64.ActiveCfg = Release|Any CPU
		{0BBD093A-9CA1-3A76-D8B1-722E69F7CBE0}.Release|arm64.Build.0 = Release|Any CPU
		{0BBD093A-9CA1-3A76-D8B1-722E69F7CBE0}.Release|x64.ActiveCfg = Release|Any CPU
		{0BBD093A-9CA1-3A76-D8B1-722E69F7CBE0}.Release|x64.Build.0 = Release|Any CPU
		{0BBD093A-9CA1-3A76-D8B1-722E69F7CBE0}.Release|x86.ActiveCfg = Release|Any CPU
		{0BBD093A-9CA1-3A76-D8B1-722E69F7CBE0}.Release|x86.Build.0 = Release|Any CPU
		{69896853-7FA1-5BE0-CFED-6BAB69E2C5F2}.Debug|Any CPU.ActiveCfg = Debug|Any CPU
		{69896853-7FA1-5BE0-CFED-6BAB69E2C5F2}.Debug|Any CPU.Build.0 = Debug|Any CPU
		{69896853-7FA1-5BE0-CFED-6BAB69E2C5F2}.Debug|arm64.ActiveCfg = Debug|Any CPU
		{69896853-7FA1-5BE0-CFED-6BAB69E2C5F2}.Debug|arm64.Build.0 = Debug|Any CPU
		{69896853-7FA1-5BE0-CFED-6BAB69E2C5F2}.Debug|x64.ActiveCfg = Debug|Any CPU
		{69896853-7FA1-5BE0-CFED-6BAB69E2C5F2}.Debug|x64.Build.0 = Debug|Any CPU
		{69896853-7FA1-5BE0-CFED-6BAB69E2C5F2}.Debug|x86.ActiveCfg = Debug|Any CPU
		{69896853-7FA1-5BE0-CFED-6BAB69E2C5F2}.Debug|x86.Build.0 = Debug|Any CPU
		{69896853-7FA1-5BE0-CFED-6BAB69E2C5F2}.Release|Any CPU.ActiveCfg = Release|Any CPU
		{69896853-7FA1-5BE0-CFED-6BAB69E2C5F2}.Release|Any CPU.Build.0 = Release|Any CPU
		{69896853-7FA1-5BE0-CFED-6BAB69E2C5F2}.Release|arm64.ActiveCfg = Release|Any CPU
		{69896853-7FA1-5BE0-CFED-6BAB69E2C5F2}.Release|arm64.Build.0 = Release|Any CPU
		{69896853-7FA1-5BE0-CFED-6BAB69E2C5F2}.Release|x64.ActiveCfg = Release|Any CPU
		{69896853-7FA1-5BE0-CFED-6BAB69E2C5F2}.Release|x64.Build.0 = Release|Any CPU
		{69896853-7FA1-5BE0-CFED-6BAB69E2C5F2}.Release|x86.ActiveCfg = Release|Any CPU
		{69896853-7FA1-5BE0-CFED-6BAB69E2C5F2}.Release|x86.Build.0 = Release|Any CPU
	EndGlobalSection
	GlobalSection(SolutionProperties) = preSolution
		HideSolutionNode = FALSE
	EndGlobalSection
	GlobalSection(NestedProjects) = preSolution
		{F5495418-88EB-4C33-BFBB-DA0B43AE6A83} = {E41413D5-8999-415D-A41D-B821197D0DE1}
		{7E37DC5E-385B-44B9-81E8-8F856F2A40EA} = {E41413D5-8999-415D-A41D-B821197D0DE1}
		{A3162020-D14E-4C12-9C1C-F1ED89C98023} = {E41413D5-8999-415D-A41D-B821197D0DE1}
		{DDE64A87-29EC-1573-F99C-3DB9CC076F43} = {E41413D5-8999-415D-A41D-B821197D0DE1}
		{C1B671B4-AEC6-49B3-BA37-10C1B0D9E605} = {E41413D5-8999-415D-A41D-B821197D0DE1}
		{69896853-7FA1-5BE0-CFED-6BAB69E2C5F2} = {E41413D5-8999-415D-A41D-B821197D0DE1}
	EndGlobalSection
	GlobalSection(ExtensibilityGlobals) = postSolution
		SolutionGuid = {6028F380-C24A-49EE-99A8-85A393B956CC}
	EndGlobalSection
EndGlobal
